PODS:
  - ModernAVPlayer/Core (1.2.0)
  - ModernAVPlayer/RxSwift (1.2.0):
    - ModernAVPlayer/Core
    - RxCocoa (~> 5.0)
    - RxSwift (~> 5.0)
  - Nimble (8.0.1)
  - Quick (2.1.0)
  - RxCocoa (5.0.0):
    - RxRelay (~> 5)
    - RxSwift (~> 5)
  - RxRelay (5.0.0):
    - RxSwift (~> 5)
  - RxSwift (5.0.0)
  - Sourcery (0.16.1)
  - SwiftLint (0.32.0)
  - SwiftyMocky (3.3.1):
    - SwiftyMocky/Core (= 3.3.1)
  - SwiftyMocky/Core (3.3.1):
    - Sourcery (>= 0.16)

DEPENDENCIES:
  - ModernAVPlayer/RxSwift (from `.`)
  - Nimble (= 8.0.1)
  - Quick (= 2.1.0)
  - SwiftLint (= 0.32.0)
  - SwiftyMocky (= 3.3.1)

SPEC REPOS:
  https://github.com/cocoapods/specs.git:
    - Nimble
    - Quick
    - RxCocoa
    - RxRelay
    - RxSwift
    - Sourcery
    - SwiftLint
    - SwiftyMocky

EXTERNAL SOURCES:
  ModernAVPlayer:
    :path: "."

SPEC CHECKSUMS:
  ModernAVPlayer: c07dfa869b5a410256a50dcffb7b3604c590ae77
  Nimble: 45f786ae66faa9a709624227fae502db55a8bdd0
  Quick: 4be43f6634acfa727dd106bdf3929ce125ffa79d
  RxCocoa: fcf32050ac00d801f34a7f71d5e8e7f23026dcd8
  RxRelay: 4f7409406a51a55cd88483f21ed898c234d60f18
  RxSwift: 8b0671caa829a763bbce7271095859121cbd895f
  Sourcery: 16779170d35ee204666843b09031f36721a84bcc
  SwiftLint: 009a898ef2a1c851f45e1b59349bf6ff2ddc990d
  SwiftyMocky: ece1c006fab5a3fc3d8b94fd8f2175743b7e11ac

PODFILE CHECKSUM: c056477254d1a7d9d6bc894348100f0e097a0d45

COCOAPODS: 1.7.1
